
Microsoft Visual Studio Solution File, Format Version 12.00
# Visual Studio Version 17
VisualStudioVersion = 17.9.34728.123
MinimumVisualStudioVersion = 10.0.40219.1
Project("{C9674DCB-5085-4A16-B785-4C70DD1589BD}") = "Zadanie 3", "Zadanie 3\Zadanie 3.dtproj", "{B42E0F0E-236E-4C12-AE20-ABCA9884DD81}"
EndProject
Global
	GlobalSection(SolutionConfigurationPlatforms) = preSolution
		Development|Default = Development|Default
	EndGlobalSection
	GlobalSection(ProjectConfigurationPlatforms) = postSolution
		{B42E0F0E-236E-4C12-AE20-ABCA9884DD81}.Development|Default.ActiveCfg = Development
		{B42E0F0E-236E-4C12-AE20-ABCA9884DD81}.Development|Default.Build.0 = Development
	EndGlobalSection
	GlobalSection(SolutionProperties) = preSolution
		HideSolutionNode = FALSE
	EndGlobalSection
	GlobalSection(ExtensibilityGlobals) = postSolution
		SolutionGuid = {30EE9145-5FA3-4683-9800-95714B0C0D68}
	EndGlobalSection
EndGlobal
